<?xml version="1.0" encoding="utf-8"?>
<Project ToolsVersion="4.0" xmlns="http://schemas.microsoft.com/developer/msbuild/2003">
  <ItemGroup>
    <Filter Include="源文件">
      <UniqueIdentifier>{4FC737F1-C7A5-4376-A066-2A32D752A2FF}</UniqueIdentifier>
      <Extensions>cpp;c;cc;cxx;def;odl;idl;hpj;bat;asm;asmx</Extensions>
    </Filter>
    <Filter Include="资源文件">
      <UniqueIdentifier>{67DA6AB6-F800-4c08-8B7A-83BB121AAD01}</UniqueIdentifier>
      <Extensions>rc;ico;cur;bmp;dlg;rc2;rct;bin;rgs;gif;jpg;jpeg;jpe;resx;tiff;tif;png;wav;mfcribbon-ms</Extensions>
    </Filter>
    <Filter Include="一阶电路的响应测试">
      <UniqueIdentifier>{f6b5221e-f7a9-4f70-a78d-6ba437f55a2f}</UniqueIdentifier>
    </Filter>
    <Filter Include="元件伏安特性的测试">
      <UniqueIdentifier>{26079419-ec97-45d2-98ed-c92855c3d8b4}</UniqueIdentifier>
    </Filter>
    <Filter Include="tool">
      <UniqueIdentifier>{d5ba7a50-1194-46c7-bc9c-7785b30f98ca}</UniqueIdentifier>
    </Filter>
    <Filter Include="tool\xml">
      <UniqueIdentifier>{a4240ba6-44b8-49fb-b4fb-e77015962577}</UniqueIdentifier>
    </Filter>
    <Filter Include="tool\json">
      <UniqueIdentifier>{15b044c1-5977-4559-9bca-a405f7600750}</UniqueIdentifier>
    </Filter>
    <Filter Include="tool\uci">
      <UniqueIdentifier>{9ee5709c-4f8a-44bd-82b0-97cfb27e35a3}</UniqueIdentifier>
    </Filter>
    <Filter Include="配置文件">
      <UniqueIdentifier>{93995380-89BD-4b04-88EB-625FBE52EBFB}</UniqueIdentifier>
      <Extensions>h;hh;hpp;hxx;hm;inl;inc;xsd</Extensions>
    </Filter>
    <Filter Include="登入">
      <UniqueIdentifier>{d3d1f496-9233-4572-bf6b-0c0da1032ee3}</UniqueIdentifier>
    </Filter>
    <Filter Include="xml">
      <UniqueIdentifier>{40e9f0b1-c057-4ddd-8a49-9eb719280679}</UniqueIdentifier>
    </Filter>
    <Filter Include="TCP连接">
      <UniqueIdentifier>{83c156e7-4cbb-4df2-8b3b-eacc03ba2daf}</UniqueIdentifier>
    </Filter>
    <Filter Include="TCP连接\data_transf">
      <UniqueIdentifier>{3e737d6e-7c7c-433a-84e3-9b8fdfcc8ee1}</UniqueIdentifier>
    </Filter>
    <Filter Include="TCP连接\Long_connection_control">
      <UniqueIdentifier>{ed0e101d-522c-43b0-8e83-6e6071153916}</UniqueIdentifier>
    </Filter>
    <Filter Include="TCP连接\capture">
      <UniqueIdentifier>{8c3facbd-ef5e-4a2d-81b0-796981b96f8b}</UniqueIdentifier>
    </Filter>
    <Filter Include="TCP连接\monitorTrial">
      <UniqueIdentifier>{832937ca-628e-4f24-a122-3eb993bbef34}</UniqueIdentifier>
    </Filter>
    <Filter Include="基尔霍夫定律">
      <UniqueIdentifier>{583c1ad4-2b5d-45bd-854e-5e6912c81f13}</UniqueIdentifier>
    </Filter>
    <Filter Include="叠加原理">
      <UniqueIdentifier>{9ce003e3-34de-472d-89be-f985513a8ff6}</UniqueIdentifier>
    </Filter>
    <Filter Include="戴维南定理">
      <UniqueIdentifier>{1c963c67-d100-4bf1-83ae-6959ac28129e}</UniqueIdentifier>
    </Filter>
    <Filter Include="电压源与电流源的等效变换">
      <UniqueIdentifier>{a9b96295-ab32-477a-8c17-ca40d3c82712}</UniqueIdentifier>
    </Filter>
    <Filter Include="二阶动态电路响应的研究">
      <UniqueIdentifier>{11737979-4607-4a58-88f9-b05c7c8900c8}</UniqueIdentifier>
    </Filter>
    <Filter Include="VCVS实验">
      <UniqueIdentifier>{f06d95da-0479-41ae-86c7-3fcecd1b0fbd}</UniqueIdentifier>
    </Filter>
    <Filter Include="二端口网络的研究">
      <UniqueIdentifier>{b1c7d7ff-4f50-4191-8a36-0a2bca93a1a6}</UniqueIdentifier>
    </Filter>
    <Filter Include="最大功率传输条件的测定">
      <UniqueIdentifier>{6f067b98-ab7f-4dfd-9d23-0906b40abc81}</UniqueIdentifier>
    </Filter>
  </ItemGroup>
  <ItemGroup>
    <ClInclude Include="主窗体.h">
      <Filter>源文件</Filter>
    </ClInclude>
    <ClInclude Include="一阶电路的响应测试实验目的.h">
      <Filter>一阶电路的响应测试</Filter>
    </ClInclude>
    <ClInclude Include="一阶电路的响应测试实验原理.h">
      <Filter>一阶电路的响应测试</Filter>
    </ClInclude>
    <ClInclude Include="一阶电路的响应测试实验器件.h">
      <Filter>一阶电路的响应测试</Filter>
    </ClInclude>
    <ClInclude Include="一阶电路的响应测试实验内容.h">
      <Filter>一阶电路的响应测试</Filter>
    </ClInclude>
    <ClInclude Include="实验汇总头文件.h">
      <Filter>源文件</Filter>
    </ClInclude>
    <ClInclude Include="元件伏安特性的测试实验目的.h">
      <Filter>元件伏安特性的测试</Filter>
    </ClInclude>
    <ClInclude Include="元件伏安特性的测试实验原理.h">
      <Filter>元件伏安特性的测试</Filter>
    </ClInclude>
    <ClInclude Include="元件伏安特性的测试实验内容.h">
      <Filter>元件伏安特性的测试</Filter>
    </ClInclude>
    <ClInclude Include="tool\_Mutex.h">
      <Filter>tool</Filter>
    </ClInclude>
    <ClInclude Include="tool\log.h">
      <Filter>tool</Filter>
    </ClInclude>
    <ClInclude Include="tool\message_Queue.h">
      <Filter>tool</Filter>
    </ClInclude>
    <ClInclude Include="tool\Ref_global_var.h">
      <Filter>tool</Filter>
    </ClInclude>
    <ClInclude Include="tool\resource.h">
      <Filter>tool</Filter>
    </ClInclude>
    <ClInclude Include="tool\seriesPort.h">
      <Filter>tool</Filter>
    </ClInclude>
    <ClInclude Include="tool\SysLog.h">
      <Filter>tool</Filter>
    </ClInclude>
    <ClInclude Include="tool\tool.h">
      <Filter>tool</Filter>
    </ClInclude>
    <ClInclude Include="tool\json\autolink.h">
      <Filter>tool\json</Filter>
    </ClInclude>
    <ClInclude Include="tool\json\config.h">
      <Filter>tool\json</Filter>
    </ClInclude>
    <ClInclude Include="tool\json\features.h">
      <Filter>tool\json</Filter>
    </ClInclude>
    <ClInclude Include="tool\json\forwards.h">
      <Filter>tool\json</Filter>
    </ClInclude>
    <ClInclude Include="tool\json\json.h">
      <Filter>tool\json</Filter>
    </ClInclude>
    <ClInclude Include="tool\json\json_batchallocator.h">
      <Filter>tool\json</Filter>
    </ClInclude>
    <ClInclude Include="tool\json\reader.h">
      <Filter>tool\json</Filter>
    </ClInclude>
    <ClInclude Include="tool\json\value.h">
      <Filter>tool\json</Filter>
    </ClInclude>
    <ClInclude Include="tool\json\writer.h">
      <Filter>tool\json</Filter>
    </ClInclude>
    <ClInclude Include="tool\uci\CMD_COMVer2.h">
      <Filter>tool\uci</Filter>
    </ClInclude>
    <ClInclude Include="tool\uci\comApiDef.h">
      <Filter>tool\uci</Filter>
    </ClInclude>
    <ClInclude Include="tool\uci\dso_base.h">
      <Filter>tool\uci</Filter>
    </ClInclude>
    <ClInclude Include="tool\uci\ItemCode_COMVer2.h">
      <Filter>tool\uci</Filter>
    </ClInclude>
    <ClInclude Include="tool\uci\uci.h">
      <Filter>tool\uci</Filter>
    </ClInclude>
    <ClInclude Include="tool\uci\uci_cpp.h">
      <Filter>tool\uci</Filter>
    </ClInclude>
    <ClInclude Include="tool\uci\ucidef.h">
      <Filter>tool\uci</Filter>
    </ClInclude>
    <ClInclude Include="tool\uci\unit.h">
      <Filter>tool\uci</Filter>
    </ClInclude>
    <ClInclude Include="tool\uci\UPO.h">
      <Filter>tool\uci</Filter>
    </ClInclude>
    <ClInclude Include="tool\uci\UTG2025Def.h">
      <Filter>tool\uci</Filter>
    </ClInclude>
    <ClInclude Include="tool\uci\UTG4162.h">
      <Filter>tool\uci</Filter>
    </ClInclude>
    <ClInclude Include="tool\xml\tinystr.h">
      <Filter>tool\xml</Filter>
    </ClInclude>
    <ClInclude Include="tool\xml\tinyxml.h">
      <Filter>tool\xml</Filter>
    </ClInclude>
    <ClInclude Include="tool\xml\xml.h">
      <Filter>tool\xml</Filter>
    </ClInclude>
    <ClInclude Include="元件伏安特性的测试实验报告.h">
      <Filter>元件伏安特性的测试</Filter>
    </ClInclude>
    <ClInclude Include="元件伏安特性的测试.h">
      <Filter>元件伏安特性的测试</Filter>
    </ClInclude>
    <ClInclude Include="..\..\..\c++\libsocket\libsocket\libsocket.h">
      <Filter>tool</Filter>
    </ClInclude>
    <ClInclude Include="loginWnd.h">
      <Filter>登入</Filter>
    </ClInclude>
    <ClInclude Include="data_transf.h">
      <Filter>TCP连接\data_transf</Filter>
    </ClInclude>
    <ClInclude Include="元件伏安特性的测试实验器件.h">
      <Filter>元件伏安特性的测试</Filter>
    </ClInclude>
    <ClInclude Include="Long_connection_control.h">
      <Filter>TCP连接\Long_connection_control</Filter>
    </ClInclude>
    <ClInclude Include="capture.h">
      <Filter>TCP连接\capture</Filter>
    </ClInclude>
    <ClInclude Include="tool\底部.h">
      <Filter>tool</Filter>
    </ClInclude>
    <ClInclude Include="monitorTrial.h">
      <Filter>TCP连接\monitorTrial</Filter>
    </ClInclude>
    <ClInclude Include="基尔霍夫定律实验目的.h">
      <Filter>基尔霍夫定律</Filter>
    </ClInclude>
    <ClInclude Include="基尔霍夫定律实验原理.h">
      <Filter>基尔霍夫定律</Filter>
    </ClInclude>
    <ClInclude Include="基尔霍夫定律实验设备.h">
      <Filter>基尔霍夫定律</Filter>
    </ClInclude>
    <ClInclude Include="基尔霍夫定律实验内容.h">
      <Filter>基尔霍夫定律</Filter>
    </ClInclude>
    <ClInclude Include="tool\gradeSubmit.h">
      <Filter>源文件</Filter>
    </ClInclude>
    <ClInclude Include="叠加原理实验目的.h">
      <Filter>叠加原理</Filter>
    </ClInclude>
    <ClInclude Include="叠加原理实验原理.h">
      <Filter>叠加原理</Filter>
    </ClInclude>
    <ClInclude Include="叠加原理实验器件.h">
      <Filter>叠加原理</Filter>
    </ClInclude>
    <ClInclude Include="叠加原理实验内容.h">
      <Filter>叠加原理</Filter>
    </ClInclude>
    <ClInclude Include="戴维南定理实验目的.h">
      <Filter>戴维南定理</Filter>
    </ClInclude>
    <ClInclude Include="戴维南定理实验原理.h">
      <Filter>戴维南定理</Filter>
    </ClInclude>
    <ClInclude Include="戴维南定理实验内容.h">
      <Filter>戴维南定理</Filter>
    </ClInclude>
    <ClInclude Include="戴维南定理实验器件.h">
      <Filter>戴维南定理</Filter>
    </ClInclude>
    <ClInclude Include="电压源与电流源的等效变换实验目的.h">
      <Filter>电压源与电流源的等效变换</Filter>
    </ClInclude>
    <ClInclude Include="电压源与电流源的等效变换实验原理.h">
      <Filter>电压源与电流源的等效变换</Filter>
    </ClInclude>
    <ClInclude Include="电压源与电流源的等效变换实验器件.h">
      <Filter>电压源与电流源的等效变换</Filter>
    </ClInclude>
    <ClInclude Include="电压源与电流源的等效变换实验内容.h">
      <Filter>电压源与电流源的等效变换</Filter>
    </ClInclude>
    <ClInclude Include="..\..\..\c++\libfilesql\libfilesql\libfilesql.h">
      <Filter>源文件</Filter>
    </ClInclude>
    <ClInclude Include="二阶动态电路响应的研究实验目的.h">
      <Filter>二阶动态电路响应的研究</Filter>
    </ClInclude>
    <ClInclude Include="二阶动态电路响应的研究实验原理.h">
      <Filter>二阶动态电路响应的研究</Filter>
    </ClInclude>
    <ClInclude Include="二阶动态电路响应的研究实验器件.h">
      <Filter>二阶动态电路响应的研究</Filter>
    </ClInclude>
    <ClInclude Include="二阶动态电路响应的研究实验内容.h">
      <Filter>二阶动态电路响应的研究</Filter>
    </ClInclude>
    <ClInclude Include="VCVS实验实验目的.h">
      <Filter>VCVS实验</Filter>
    </ClInclude>
    <ClInclude Include="VCVS实验实验原理.h">
      <Filter>VCVS实验</Filter>
    </ClInclude>
    <ClInclude Include="VCVS实验实验器件.h">
      <Filter>VCVS实验</Filter>
    </ClInclude>
    <ClInclude Include="VCVS实验实验内容.h">
      <Filter>VCVS实验</Filter>
    </ClInclude>
    <ClInclude Include="二端口网络的研究实验目的.h">
      <Filter>二端口网络的研究</Filter>
    </ClInclude>
    <ClInclude Include="二端口网络的研究实验原理.h">
      <Filter>二端口网络的研究</Filter>
    </ClInclude>
    <ClInclude Include="二端口网络的研究实验器件.h">
      <Filter>二端口网络的研究</Filter>
    </ClInclude>
    <ClInclude Include="二端口网络的研究实验内容.h">
      <Filter>二端口网络的研究</Filter>
    </ClInclude>
    <ClInclude Include="最大功率传输条件的测定实验目的.h">
      <Filter>最大功率传输条件的测定</Filter>
    </ClInclude>
    <ClInclude Include="最大功率传输条件的测定实验原理.h">
      <Filter>最大功率传输条件的测定</Filter>
    </ClInclude>
    <ClInclude Include="最大功率传输条件的测定实验器件.h">
      <Filter>最大功率传输条件的测定</Filter>
    </ClInclude>
    <ClInclude Include="最大功率传输条件的测定实验内容.h">
      <Filter>最大功率传输条件的测定</Filter>
    </ClInclude>
  </ItemGroup>
  <ItemGroup>
    <ClCompile Include="main.cpp">
      <Filter>源文件</Filter>
    </ClCompile>
    <ClCompile Include="主窗体.cpp">
      <Filter>源文件</Filter>
    </ClCompile>
    <ClCompile Include="mdi子窗体注册.cpp">
      <Filter>源文件</Filter>
    </ClCompile>
    <ClCompile Include="tool\_Mutex.cpp">
      <Filter>tool</Filter>
    </ClCompile>
    <ClCompile Include="tool\exception.cpp">
      <Filter>tool</Filter>
    </ClCompile>
    <ClCompile Include="tool\MdiFormControl.cpp">
      <Filter>tool</Filter>
    </ClCompile>
    <ClCompile Include="tool\oscillograph.cpp">
      <Filter>tool</Filter>
    </ClCompile>
    <ClCompile Include="tool\resource.cpp">
      <Filter>tool</Filter>
    </ClCompile>
    <ClCompile Include="tool\seriesPort.cpp">
      <Filter>tool</Filter>
    </ClCompile>
    <ClCompile Include="tool\tool.cpp">
      <Filter>tool</Filter>
    </ClCompile>
    <ClCompile Include="tool\json\json_reader.cpp">
      <Filter>tool\json</Filter>
    </ClCompile>
    <ClCompile Include="tool\json\json_value.cpp">
      <Filter>tool\json</Filter>
    </ClCompile>
    <ClCompile Include="tool\json\json_writer.cpp">
      <Filter>tool\json</Filter>
    </ClCompile>
    <ClCompile Include="tool\json\main.cpp">
      <Filter>tool\json</Filter>
    </ClCompile>
    <ClCompile Include="tool\xml\tinystr.cpp">
      <Filter>tool\xml</Filter>
    </ClCompile>
    <ClCompile Include="tool\xml\tinyxml.cpp">
      <Filter>tool\xml</Filter>
    </ClCompile>
    <ClCompile Include="tool\xml\tinyxmlerror.cpp">
      <Filter>tool\xml</Filter>
    </ClCompile>
    <ClCompile Include="tool\xml\tinyxmlparser.cpp">
      <Filter>tool\xml</Filter>
    </ClCompile>
    <ClCompile Include="tool\xml\xml.cpp">
      <Filter>tool\xml</Filter>
    </ClCompile>
    <ClCompile Include="tool\waver.cpp">
      <Filter>tool</Filter>
    </ClCompile>
    <ClCompile Include="元件伏安特性的测试.cpp">
      <Filter>元件伏安特性的测试</Filter>
    </ClCompile>
    <ClCompile Include="data_transf.cpp">
      <Filter>TCP连接\data_transf</Filter>
    </ClCompile>
    <ClCompile Include="Long_connection_control.cpp">
      <Filter>TCP连接\Long_connection_control</Filter>
    </ClCompile>
    <ClCompile Include="capture.cpp">
      <Filter>TCP连接\capture</Filter>
    </ClCompile>
    <ClCompile Include="Long_connect_e.cpp">
      <Filter>TCP连接\Long_connection_control</Filter>
    </ClCompile>
    <ClCompile Include="monitorTrial.cpp">
      <Filter>TCP连接\monitorTrial</Filter>
    </ClCompile>
    <ClCompile Include="基尔霍夫定律.cpp">
      <Filter>基尔霍夫定律</Filter>
    </ClCompile>
    <ClCompile Include="叠加原理.cpp">
      <Filter>叠加原理</Filter>
    </ClCompile>
    <ClCompile Include="戴维南定理.cpp">
      <Filter>戴维南定理</Filter>
    </ClCompile>
    <ClCompile Include="电压源与电流源的等效变换.cpp">
      <Filter>电压源与电流源的等效变换</Filter>
    </ClCompile>
    <ClCompile Include="一阶电路的响应测试.cpp">
      <Filter>一阶电路的响应测试</Filter>
    </ClCompile>
    <ClCompile Include="二阶动态电路响应的研究.cpp">
      <Filter>二阶动态电路响应的研究</Filter>
    </ClCompile>
    <ClCompile Include="VCVS实验.cpp">
      <Filter>VCVS实验</Filter>
    </ClCompile>
    <ClCompile Include="二端口网络的研究.cpp">
      <Filter>二端口网络的研究</Filter>
    </ClCompile>
    <ClCompile Include="最大功率传输条件的测定.cpp">
      <Filter>最大功率传输条件的测定</Filter>
    </ClCompile>
  </ItemGroup>
  <ItemGroup>
    <EmbeddedResource Include="一阶电路的响应测试实验内容.resx">
      <Filter>资源文件</Filter>
    </EmbeddedResource>
    <EmbeddedResource Include="一阶电路的响应测试实验原理.resx">
      <Filter>资源文件</Filter>
    </EmbeddedResource>
    <EmbeddedResource Include="一阶电路的响应测试实验器件.resx">
      <Filter>资源文件</Filter>
    </EmbeddedResource>
    <EmbeddedResource Include="一阶电路的响应测试实验目的.resx">
      <Filter>资源文件</Filter>
    </EmbeddedResource>
    <EmbeddedResource Include="主窗体.resx">
      <Filter>资源文件</Filter>
    </EmbeddedResource>
    <EmbeddedResource Include="元件伏安特性的测试实验内容.resx">
      <Filter>资源文件</Filter>
    </EmbeddedResource>
    <EmbeddedResource Include="元件伏安特性的测试实验原理.resx">
      <Filter>资源文件</Filter>
    </EmbeddedResource>
    <EmbeddedResource Include="元件伏安特性的测试实验器件.resx">
      <Filter>资源文件</Filter>
    </EmbeddedResource>
    <EmbeddedResource Include="元件伏安特性的测试实验目的.resx">
      <Filter>资源文件</Filter>
    </EmbeddedResource>
    <EmbeddedResource Include="元件伏安特性的测试实验报告.resx">
      <Filter>资源文件</Filter>
    </EmbeddedResource>
    <EmbeddedResource Include="loginWnd.resx">
      <Filter>资源文件</Filter>
    </EmbeddedResource>
    <EmbeddedResource Include="基尔霍夫定律实验内容.resx">
      <Filter>资源文件</Filter>
    </EmbeddedResource>
    <EmbeddedResource Include="基尔霍夫定律实验原理.resx">
      <Filter>资源文件</Filter>
    </EmbeddedResource>
    <EmbeddedResource Include="基尔霍夫定律实验目的.resx">
      <Filter>资源文件</Filter>
    </EmbeddedResource>
    <EmbeddedResource Include="基尔霍夫定律实验设备.resx">
      <Filter>资源文件</Filter>
    </EmbeddedResource>
    <EmbeddedResource Include="叠加原理实验内容.resx">
      <Filter>资源文件</Filter>
    </EmbeddedResource>
    <EmbeddedResource Include="叠加原理实验原理.resx">
      <Filter>资源文件</Filter>
    </EmbeddedResource>
    <EmbeddedResource Include="叠加原理实验器件.resx">
      <Filter>资源文件</Filter>
    </EmbeddedResource>
    <EmbeddedResource Include="叠加原理实验目的.resx">
      <Filter>资源文件</Filter>
    </EmbeddedResource>
    <EmbeddedResource Include="戴维南定理实验内容.resx">
      <Filter>资源文件</Filter>
    </EmbeddedResource>
    <EmbeddedResource Include="戴维南定理实验原理.resx">
      <Filter>资源文件</Filter>
    </EmbeddedResource>
    <EmbeddedResource Include="戴维南定理实验器件.resx">
      <Filter>资源文件</Filter>
    </EmbeddedResource>
    <EmbeddedResource Include="戴维南定理实验目的.resx">
      <Filter>资源文件</Filter>
    </EmbeddedResource>
    <EmbeddedResource Include="电压源与电流源的等效变换实验原理.resx">
      <Filter>资源文件</Filter>
    </EmbeddedResource>
    <EmbeddedResource Include="电压源与电流源的等效变换实验目的.resx">
      <Filter>资源文件</Filter>
    </EmbeddedResource>
    <EmbeddedResource Include="电压源与电流源的等效变换实验内容.resx">
      <Filter>资源文件</Filter>
    </EmbeddedResource>
    <EmbeddedResource Include="电压源与电流源的等效变换实验器件.resx">
      <Filter>资源文件</Filter>
    </EmbeddedResource>
    <EmbeddedResource Include="二阶动态电路响应的研究实验内容.resx">
      <Filter>资源文件</Filter>
    </EmbeddedResource>
    <EmbeddedResource Include="二阶动态电路响应的研究实验原理.resx">
      <Filter>资源文件</Filter>
    </EmbeddedResource>
    <EmbeddedResource Include="二阶动态电路响应的研究实验器件.resx">
      <Filter>资源文件</Filter>
    </EmbeddedResource>
    <EmbeddedResource Include="二阶动态电路响应的研究实验目的.resx">
      <Filter>资源文件</Filter>
    </EmbeddedResource>
    <EmbeddedResource Include="VCVS实验实验内容.resx">
      <Filter>资源文件</Filter>
    </EmbeddedResource>
    <EmbeddedResource Include="VCVS实验实验原理.resx">
      <Filter>资源文件</Filter>
    </EmbeddedResource>
    <EmbeddedResource Include="VCVS实验实验器件.resx">
      <Filter>资源文件</Filter>
    </EmbeddedResource>
    <EmbeddedResource Include="VCVS实验实验目的.resx">
      <Filter>资源文件</Filter>
    </EmbeddedResource>
    <EmbeddedResource Include="二端口网络的研究实验内容.resx">
      <Filter>资源文件</Filter>
    </EmbeddedResource>
    <EmbeddedResource Include="二端口网络的研究实验原理.resx">
      <Filter>资源文件</Filter>
    </EmbeddedResource>
    <EmbeddedResource Include="二端口网络的研究实验器件.resx">
      <Filter>资源文件</Filter>
    </EmbeddedResource>
    <EmbeddedResource Include="二端口网络的研究实验目的.resx">
      <Filter>资源文件</Filter>
    </EmbeddedResource>
  </ItemGroup>
  <ItemGroup>
    <None Include="tool\ClassDiagram.cd">
      <Filter>tool</Filter>
    </None>
    <None Include="tool\json\json_internalarray.inl">
      <Filter>tool\json</Filter>
    </None>
    <None Include="tool\json\json_internalmap.inl">
      <Filter>tool\json</Filter>
    </None>
    <None Include="tool\json\json_valueiterator.inl">
      <Filter>tool\json</Filter>
    </None>
    <None Include="tool\json\sconscript">
      <Filter>tool\json</Filter>
    </None>
  </ItemGroup>
  <ItemGroup>
    <Text Include="tool\log.txt">
      <Filter>tool</Filter>
    </Text>
  </ItemGroup>
  <ItemGroup>
    <Xml Include="pz.xml">
      <Filter>配置文件</Filter>
    </Xml>
  </ItemGroup>
</Project>